
Microsoft Visual Studio Solution File, Format Version 12.00
# Visual Studio 14
VisualStudioVersion = 14.0.25420.1
MinimumVisualStudioVersion = 10.0.40219.1
Project("{FAE04EC0-301F-11D3-BF4B-00C04F79EFBC}") = "BusSeatsReservation.Data", "BusSeatsReservation.Data\BusSeatsReservation.Data.csproj", "{9267312A-73A1-4817-A6C8-A9145EB66FEB}"
EndProject
Project("{FAE04EC0-301F-11D3-BF4B-00C04F79EFBC}") = "BusSeatsReservation.Data.Common", "BusSeatsReservation.Data.Common\BusSeatsReservation.Data.Common.csproj", "{76BA3948-B661-43A1-BFE4-9C1C700A1C58}"
EndProject
Project("{FAE04EC0-301F-11D3-BF4B-00C04F79EFBC}") = "BusSeatsReservation.Models", "BusSeatsReservation.Models\BusSeatsReservation.Models.csproj", "{28061CF9-DF66-4C09-B320-620AB85D272C}"
EndProject
Project("{FAE04EC0-301F-11D3-BF4B-00C04F79EFBC}") = "BusSeatsReservation.Client", "BusSeatsReservation.Client\BusSeatsReservation.Client.csproj", "{AF1D485E-7617-47BD-B81F-B0AC7DC1DE8D}"
EndProject
Project("{FAE04EC0-301F-11D3-BF4B-00C04F79EFBC}") = "BusSeatsReservation.Data.PostgreSQL", "BusSeatsReservation.Data.PostgreSQL\BusSeatsReservation.Data.PostgreSQL.csproj", "{869E5624-BBAF-435D-9834-524EE4397ED3}"
EndProject
Project("{FAE04EC0-301F-11D3-BF4B-00C04F79EFBC}") = "BusSeatsReservation.Data.SQLite", "BusSeatsReservation.Data.SQLite\BusSeatsReservation.Data.SQLite.csproj", "{6B33CC85-D5C5-4E6B-8BF7-AFCD4A431BDD}"
EndProject
Project("{FAE04EC0-301F-11D3-BF4B-00C04F79EFBC}") = "BusSeatsReservation.WebClient", "BusSeatsReservation.WebClient\BusSeatsReservation.WebClient.csproj", "{DD749D59-1C68-4588-93AE-078EF96CC6E0}"
EndProject
Project("{FAE04EC0-301F-11D3-BF4B-00C04F79EFBC}") = "BusSeatsReservation.Reports", "BusSeatsReservation.Reports\BusSeatsReservation.Reports.csproj", "{65DBFABB-EAB3-468C-B109-406435B82749}"
EndProject
Project("{FAE04EC0-301F-11D3-BF4B-00C04F79EFBC}") = "BusSeatsReservation.ConsoleClient", "BusSeatsReservation.ConsoleClient\BusSeatsReservation.ConsoleClient.csproj", "{31D5AB23-4EFD-4A22-9452-29E3A852A1B4}"
EndProject
Global
	GlobalSection(SolutionConfigurationPlatforms) = preSolution
		Debug|Any CPU = Debug|Any CPU
		Release|Any CPU = Release|Any CPU
	EndGlobalSection
	GlobalSection(ProjectConfigurationPlatforms) = postSolution
		{9267312A-73A1-4817-A6C8-A9145EB66FEB}.Debug|Any CPU.ActiveCfg = Debug|Any CPU
		{9267312A-73A1-4817-A6C8-A9145EB66FEB}.Debug|Any CPU.Build.0 = Debug|Any CPU
		{9267312A-73A1-4817-A6C8-A9145EB66FEB}.Release|Any CPU.ActiveCfg = Release|Any CPU
		{9267312A-73A1-4817-A6C8-A9145EB66FEB}.Release|Any CPU.Build.0 = Release|Any CPU
		{76BA3948-B661-43A1-BFE4-9C1C700A1C58}.Debug|Any CPU.ActiveCfg = Debug|Any CPU
		{76BA3948-B661-43A1-BFE4-9C1C700A1C58}.Debug|Any CPU.Build.0 = Debug|Any CPU
		{76BA3948-B661-43A1-BFE4-9C1C700A1C58}.Release|Any CPU.ActiveCfg = Release|Any CPU
		{76BA3948-B661-43A1-BFE4-9C1C700A1C58}.Release|Any CPU.Build.0 = Release|Any CPU
		{28061CF9-DF66-4C09-B320-620AB85D272C}.Debug|Any CPU.ActiveCfg = Debug|Any CPU
		{28061CF9-DF66-4C09-B320-620AB85D272C}.Debug|Any CPU.Build.0 = Debug|Any CPU
		{28061CF9-DF66-4C09-B320-620AB85D272C}.Release|Any CPU.ActiveCfg = Release|Any CPU
		{28061CF9-DF66-4C09-B320-620AB85D272C}.Release|Any CPU.Build.0 = Release|Any CPU
		{AF1D485E-7617-47BD-B81F-B0AC7DC1DE8D}.Debug|Any CPU.ActiveCfg = Debug|Any CPU
		{AF1D485E-7617-47BD-B81F-B0AC7DC1DE8D}.Debug|Any CPU.Build.0 = Debug|Any CPU
		{AF1D485E-7617-47BD-B81F-B0AC7DC1DE8D}.Release|Any CPU.ActiveCfg = Release|Any CPU
		{AF1D485E-7617-47BD-B81F-B0AC7DC1DE8D}.Release|Any CPU.Build.0 = Release|Any CPU
		{869E5624-BBAF-435D-9834-524EE4397ED3}.Debug|Any CPU.ActiveCfg = Debug|Any CPU
		{869E5624-BBAF-435D-9834-524EE4397ED3}.Debug|Any CPU.Build.0 = Debug|Any CPU
		{869E5624-BBAF-435D-9834-524EE4397ED3}.Release|Any CPU.ActiveCfg = Release|Any CPU
		{869E5624-BBAF-435D-9834-524EE4397ED3}.Release|Any CPU.Build.0 = Release|Any CPU
		{6B33CC85-D5C5-4E6B-8BF7-AFCD4A431BDD}.Debug|Any CPU.ActiveCfg = Debug|Any CPU
		{6B33CC85-D5C5-4E6B-8BF7-AFCD4A431BDD}.Debug|Any CPU.Build.0 = Debug|Any CPU
		{6B33CC85-D5C5-4E6B-8BF7-AFCD4A431BDD}.Release|Any CPU.ActiveCfg = Release|Any CPU
		{6B33CC85-D5C5-4E6B-8BF7-AFCD4A431BDD}.Release|Any CPU.Build.0 = Release|Any CPU
		{DD749D59-1C68-4588-93AE-078EF96CC6E0}.Debug|Any CPU.ActiveCfg = Debug|Any CPU
		{DD749D59-1C68-4588-93AE-078EF96CC6E0}.Debug|Any CPU.Build.0 = Debug|Any CPU
		{DD749D59-1C68-4588-93AE-078EF96CC6E0}.Release|Any CPU.ActiveCfg = Release|Any CPU
		{DD749D59-1C68-4588-93AE-078EF96CC6E0}.Release|Any CPU.Build.0 = Release|Any CPU
		{65DBFABB-EAB3-468C-B109-406435B82749}.Debug|Any CPU.ActiveCfg = Debug|Any CPU
		{65DBFABB-EAB3-468C-B109-406435B82749}.Debug|Any CPU.Build.0 = Debug|Any CPU
		{65DBFABB-EAB3-468C-B109-406435B82749}.Release|Any CPU.ActiveCfg = Release|Any CPU
		{65DBFABB-EAB3-468C-B109-406435B82749}.Release|Any CPU.Build.0 = Release|Any CPU
		{31D5AB23-4EFD-4A22-9452-29E3A852A1B4}.Debug|Any CPU.ActiveCfg = Debug|Any CPU
		{31D5AB23-4EFD-4A22-9452-29E3A852A1B4}.Debug|Any CPU.Build.0 = Debug|Any CPU
		{31D5AB23-4EFD-4A22-9452-29E3A852A1B4}.Release|Any CPU.ActiveCfg = Release|Any CPU
		{31D5AB23-4EFD-4A22-9452-29E3A852A1B4}.Release|Any CPU.Build.0 = Release|Any CPU
	EndGlobalSection
	GlobalSection(SolutionProperties) = preSolution
		HideSolutionNode = FALSE
	EndGlobalSection
EndGlobal
